
Microsoft Visual Studio Solution File, Format Version 11.00
# Visual Studio 2010
Project("{FAE04EC0-301F-11D3-BF4B-00C04F79EFBC}") = "ftpPics", "ftpPics\ftpPics.csproj", "{7a6d91e8-b143-42c7-b4ea-009015ed6a2f}"
EndProject
Global
	GlobalSection(SolutionConfigurationPlatforms) = preSolution
		Debug|Any CPU = Debug|Any CPU
		Release|Any CPU = Release|Any CPU
	EndGlobalSection
	GlobalSection(ProjectConfigurationPlatforms) = postSolution
		{7A6D91E8-B143-42C7-B4EA-009015ED6A2F}.Debug|Any CPU.ActiveCfg = Debug|Any CPU
		{7A6D91E8-B143-42C7-B4EA-009015ED6A2F}.Debug|Any CPU.Build.0 = Debug|Any CPU
		{7A6D91E8-B143-42C7-B4EA-009015ED6A2F}.Release|Any CPU.ActiveCfg = Release|Any CPU
		{7A6D91E8-B143-42C7-B4EA-009015ED6A2F}.Release|Any CPU.Build.0 = Release|Any CPU
	EndGlobalSection
EndGlobal
